// !$*UTF8*$!
{
	archiveVersion = 1;
	classes = {
	};
	objectVersion = 48;
	objects = {

/* Begin PBXBuildFile section */
		493694D21F96E31F00574695 /* AppDelegate.m in Sources */ = {isa = PBXBuildFile; fileRef = 493694D11F96E31F00574695 /* AppDelegate.m */; };
		493694D51F96E31F00574695 /* MasterViewController.m in Sources */ = {isa = PBXBuildFile; fileRef = 493694D41F96E31F00574695 /* MasterViewController.m */; };
		493694D81F96E31F00574695 /* DetailViewController.m in Sources */ = {isa = PBXBuildFile; fileRef = 493694D71F96E31F00574695 /* DetailViewController.m */; };
		493694DB1F96E31F00574695 /* Main.storyboard in Resources */ = {isa = PBXBuildFile; fileRef = 493694D91F96E31F00574695 /* Main.storyboard */; };
		493694DD1F96E31F00574695 /* Assets.xcassets in Resources */ = {isa = PBXBuildFile; fileRef = 493694DC1F96E31F00574695 /* Assets.xcassets */; };
		493694E01F96E31F00574695 /* LaunchScreen.storyboard in Resources */ = {isa = PBXBuildFile; fileRef = 493694DE1F96E31F00574695 /* LaunchScreen.storyboard */; };
		493694E31F96E31F00574695 /* main.m in Sources */ = {isa = PBXBuildFile; fileRef = 493694E21F96E31F00574695 /* main.m */; };
		493694EB1F96E48000574695 /* Todo.m in Sources */ = {isa = PBXBuildFile; fileRef = 493694EA1F96E48000574695 /* Todo.m */; };
		493694F11F96E81000574695 /* TodoManager.m in Sources */ = {isa = PBXBuildFile; fileRef = 493694F01F96E81000574695 /* TodoManager.m */; };
/* End PBXBuildFile section */

/* Begin PBXFileReference section */
		493694CD1F96E31F00574695 /* EveryDo.app */ = {isa = PBXFileReference; explicitFileType = wrapper.application; includeInIndex = 0; path = EveryDo.app; sourceTree = BUILT_PRODUCTS_DIR; };
		493694D01F96E31F00574695 /* AppDelegate.h */ = {isa = PBXFileReference; lastKnownFileType = sourcecode.c.h; path = AppDelegate.h; sourceTree = "<group>"; };
		493694D11F96E31F00574695 /* AppDelegate.m */ = {isa = PBXFileReference; lastKnownFileType = sourcecode.c.objc; path = AppDelegate.m; sourceTree = "<group>"; };
		493694D31F96E31F00574695 /* MasterViewController.h */ = {isa = PBXFileReference; lastKnownFileType = sourcecode.c.h; path = MasterViewController.h; sourceTree = "<group>"; };
		493694D41F96E31F00574695 /* MasterViewController.m */ = {isa = PBXFileReference; lastKnownFileType = sourcecode.c.objc; path = MasterViewController.m; sourceTree = "<group>"; };
		493694D61F96E31F00574695 /* DetailViewController.h */ = {isa = PBXFileReference; lastKnownFileType = sourcecode.c.h; path = DetailViewController.h; sourceTree = "<group>"; };
		493694D71F96E31F00574695 /* DetailViewController.m */ = {isa = PBXFileReference; lastKnownFileType = sourcecode.c.objc; path = DetailViewController.m; sourceTree = "<group>"; };
		493694DA1F96E31F00574695 /* Base */ = {isa = PBXFileReference; lastKnownFileType = file.storyboard; name = Base; path = Base.lproj/Main.storyboard; sourceTree = "<group>"; };
		493694DC1F96E31F00574695 /* Assets.xcassets */ = {isa = PBXFileReference; lastKnownFileType = folder.assetcatalog; path = Assets.xcassets; sourceTree = "<group>"; };
		493694DF1F96E31F00574695 /* Base */ = {isa = PBXFileReference; lastKnownFileType = file.storyboard; name = Base; path = Base.lproj/LaunchScreen.storyboard; sourceTree = "<group>"; };
		493694E11F96E31F00574695 /* Info.plist */ = {isa = PBXFileReference; lastKnownFileType = text.plist.xml; path = Info.plist; sourceTree = "<group>"; };
		493694E21F96E31F00574695 /* main.m */ = {isa = PBXFileReference; lastKnownFileType = sourcecode.c.objc; path = main.m; sourceTree = "<group>"; };
		493694E91F96E48000574695 /* Todo.h */ = {isa = PBXFileReference; lastKnownFileType = sourcecode.c.h; path = Todo.h; sourceTree = "<group>"; };
		493694EA1F96E48000574695 /* Todo.m */ = {isa = PBXFileReference; lastKnownFileType = sourcecode.c.objc; path = Todo.m; sourceTree = "<group>"; };
		493694EF1F96E81000574695 /* TodoManager.h */ = {isa = PBXFileReference; lastKnownFileType = sourcecode.c.h; path = TodoManager.h; sourceTree = "<group>"; };
		493694F01F96E81000574695 /* TodoManager.m */ = {isa = PBXFileReference; lastKnownFileType = sourcecode.c.objc; path = TodoManager.m; sourceTree = "<group>"; };
/* End PBXFileReference section */

/* Begin PBXFrameworksBuildPhase section */
		493694CA1F96E31F00574695 /* Frameworks */ = {
			isa = PBXFrameworksBuildPhase;
			buildActionMask = 2147483647;
			files = (
			);
			runOnlyForDeploymentPostprocessing = 0;
		};
/* End PBXFrameworksBuildPhase section */

/* Begin PBXGroup section */
		493694C41F96E31F00574695 = {
			isa = PBXGroup;
			children = (
				493694CF1F96E31F00574695 /* EveryDo */,
				493694CE1F96E31F00574695 /* Products */,
			);
			sourceTree = "<group>";
		};
		493694CE1F96E31F00574695 /* Products */ = {
			isa = PBXGroup;
			children = (
				493694CD1F96E31F00574695 /* EveryDo.app */,
			);
			name = Products;
			sourceTree = "<group>";
		};
		493694CF1F96E31F00574695 /* EveryDo */ = {
			isa = PBXGroup;
			children = (
				493694D01F96E31F00574695 /* AppDelegate.h */,
				493694D11F96E31F00574695 /* AppDelegate.m */,
				493694D31F96E31F00574695 /* MasterViewController.h */,
				493694D41F96E31F00574695 /* MasterViewController.m */,
				493694D61F96E31F00574695 /* DetailViewController.h */,
				493694D71F96E31F00574695 /* DetailViewController.m */,
				493694D91F96E31F00574695 /* Main.storyboard */,
				493694E91F96E48000574695 /* Todo.h */,
				493694EA1F96E48000574695 /* Todo.m */,
				493694EF1F96E81000574695 /* TodoManager.h */,
				493694F01F96E81000574695 /* TodoManager.m */,
				493694DC1F96E31F00574695 /* Assets.xcassets */,
				493694DE1F96E31F00574695 /* LaunchScreen.storyboard */,
				493694E11F96E31F00574695 /* Info.plist */,
				493694E21F96E31F00574695 /* main.m */,
			);
			path = EveryDo;
			sourceTree = "<group>";
		};
/* End PBXGroup section */

/* Begin PBXNativeTarget section */
		493694CC1F96E31F00574695 /* EveryDo */ = {
			isa = PBXNativeTarget;
			buildConfigurationList = 493694E61F96E31F00574695 /* Build configuration list for PBXNativeTarget "EveryDo" */;
			buildPhases = (
				493694C91F96E31F00574695 /* Sources */,
				493694CA1F96E31F00574695 /* Frameworks */,
				493694CB1F96E31F00574695 /* Resources */,
			);
			buildRules = (
			);
			dependencies = (
			);
			name = EveryDo;
			productName = EveryDo;
			productReference = 493694CD1F96E31F00574695 /* EveryDo.app */;
			productType = "com.apple.product-type.application";
		};
/* End PBXNativeTarget section */

/* Begin PBXProject section */
		493694C51F96E31F00574695 /* Project object */ = {
			isa = PBXProject;
			attributes = {
				LastUpgradeCheck = 0900;
				ORGANIZATIONNAME = Andrew;
				TargetAttributes = {
					493694CC1F96E31F00574695 = {
						CreatedOnToolsVersion = 9.0;
						ProvisioningStyle = Automatic;
					};
				};
			};
			buildConfigurationList = 493694C81F96E31F00574695 /* Build configuration list for PBXProject "EveryDo" */;
			compatibilityVersion = "Xcode 8.0";
			developmentRegion = en;
			hasScannedForEncodings = 0;
			knownRegions = (
				en,
				Base,
			);
			mainGroup = 493694C41F96E31F00574695;
			productRefGroup = 493694CE1F96E31F00574695 /* Products */;
			projectDirPath = "";
			projectRoot = "";
			targets = (
				493694CC1F96E31F00574695 /* EveryDo */,
			);
		};
/* End PBXProject section */

/* Begin PBXResourcesBuildPhase section */
		493694CB1F96E31F00574695 /* Resources */ = {
			isa = PBXResourcesBuildPhase;
			buildActionMask = 2147483647;
			files = (
				493694E01F96E31F00574695 /* LaunchScreen.storyboard in Resources */,
				493694DD1F96E31F00574695 /* Assets.xcassets in Resources */,
				493694DB1F96E31F00574695 /* Main.storyboard in Resources */,
			);
			runOnlyForDeploymentPostprocessing = 0;
		};
/* End PBXResourcesBuildPhase section */

/* Begin PBXSourcesBuildPhase section */
		493694C91F96E31F00574695 /* Sources */ = {
			isa = PBXSourcesBuildPhase;
			buildActionMask = 2147483647;
			files = (
				493694EB1F96E48000574695 /* Todo.m in Sources */,
				493694D51F96E31F00574695 /* MasterViewController.m in Sources */,
				493694D21F96E31F00574695 /* AppDelegate.m in Sources */,
				493694F11F96E81000574695 /* TodoManager.m in Sources */,
				493694E31F96E31F00574695 /* main.m in Sources */,
				493694D81F96E31F00574695 /* DetailViewController.m in Sources */,
			);
			runOnlyForDeploymentPostprocessing = 0;
		};
/* End PBXSourcesBuildPhase section */

/* Begin PBXVariantGroup section */
		493694D91F96E31F00574695 /* Main.storyboard */ = {
			isa = PBXVariantGroup;
			children = (
				493694DA1F96E31F00574695 /* Base */,
			);
			name = Main.storyboard;
			sourceTree = "<group>";
		};
		493694DE1F96E31F00574695 /* LaunchScreen.storyboard */ = {
			isa = PBXVariantGroup;
			children = (
				493694DF1F96E31F00574695 /* Base */,
			);
			name = LaunchScreen.storyboard;
			sourceTree = "<group>";
		};
/* End PBXVariantGroup section */

/* Begin XCBuildConfiguration section */
		493694E41F96E31F00574695 /* Debug */ = {
			isa = XCBuildConfiguration;
			buildSettings = {
				ALWAYS_SEARCH_USER_PATHS = NO;
				CLANG_ANALYZER_NONNULL = YES;
				CLANG_ANALYZER_NUMBER_OBJECT_CONVERSION = YES_AGGRESSIVE;
				CLANG_CXX_LANGUAGE_STANDARD = "gnu++14";
				CLANG_CXX_LIBRARY = "libc++";
				CLANG_ENABLE_MODULES = YES;
				CLANG_ENABLE_OBJC_ARC = YES;
				CLANG_WARN_BLOCK_CAPTURE_AUTORELEASING = YES;
				CLANG_WARN_BOOL_CONVERSION = YES;
				CLANG_WARN_COMMA = YES;
				CLANG_WARN_CONSTANT_CONVERSION = YES;
				CLANG_WARN_DIRECT_OBJC_ISA_USAGE = YES_ERROR;
				CLANG_WARN_DOCUMENTATION_COMMENTS = YES;
				CLANG_WARN_EMPTY_BODY = YES;
				CLANG_WARN_ENUM_CONVERSION = YES;
				CLANG_WARN_INFINITE_RECURSION = YES;
				CLANG_WARN_INT_CONVERSION = YES;
				CLANG_WARN_NON_LITERAL_NULL_CONVERSION = YES;
				CLANG_WARN_OBJC_LITERAL_CONVERSION = YES;
				CLANG_WARN_OBJC_ROOT_CLASS = YES_ERROR;
				CLANG_WARN_RANGE_LOOP_ANALYSIS = YES;
				CLANG_WARN_STRICT_PROTOTYPES = YES;
				CLANG_WARN_SUSPICIOUS_MOVE = YES;
				CLANG_WARN_UNGUARDED_AVAILABILITY = YES_AGGRESSIVE;
				CLANG_WARN_UNREACHABLE_CODE = YES;
				CLANG_WARN__DUPLICATE_METHOD_MATCH = YES;
				CODE_SIGN_IDENTITY = "iPhone Developer";
				COPY_PHASE_STRIP = NO;
				DEBUG_INFORMATION_FORMAT = dwarf;
				ENABLE_STRICT_OBJC_MSGSEND = YES;
				ENABLE_TESTABILITY = YES;
				GCC_C_LANGUAGE_STANDARD = gnu11;
				GCC_DYNAMIC_NO_PIC = NO;
				GCC_NO_COMMON_BLOCKS = YES;
				GCC_OPTIMIZATION_LEVEL = 0;
				GCC_PREPROCESSOR_DEFINITIONS = (
					"DEBUG=1",
					"$(inherited)",
				);
				GCC_WARN_64_TO_32_BIT_CONVERSION = YES;
				GCC_WARN_ABOUT_RETURN_TYPE = YES_ERROR;
				GCC_WARN_UNDECLARED_SELECTOR = YES;
				GCC_WARN_UNINITIALIZED_AUTOS = YES_AGGRESSIVE;
				GCC_WARN_UNUSED_FUNCTION = YES;
				GCC_WARN_UNUSED_VARIABLE = YES;
				IPHONEOS_DEPLOYMENT_TARGET = 11.0;
				MTL_ENABLE_DEBUG_INFO = YES;
				ONLY_ACTIVE_ARCH = YES;
				SDKROOT = iphoneos;
			};
			name = Debug;
		};
		493694E51F96E31F00574695 /* Release */ = {
			isa = XCBuildConfiguration;
			buildSettings = {
				ALWAYS_SEARCH_USER_PATHS = NO;
				CLANG_ANALYZER_NONNULL = YES;
				CLANG_ANALYZER_NUMBER_OBJECT_CONVERSION = YES_AGGRESSIVE;
				CLANG_CXX_LANGUAGE_STANDARD = "gnu++14";
				CLANG_CXX_LIBRARY = "libc++";
				CLANG_ENABLE_MODULES = YES;
				CLANG_ENABLE_OBJC_ARC = YES;
				CLANG_WARN_BLOCK_CAPTURE_AUTORELEASING = YES;
				CLANG_WARN_BOOL_CONVERSION = YES;
				CLANG_WARN_COMMA = YES;
				CLANG_WARN_CONSTANT_CONVERSION = YES;
				CLANG_WARN_DIRECT_OBJC_ISA_USAGE = YES_ERROR;
				CLANG_WARN_DOCUMENTATION_COMMENTS = YES;
				CLANG_WARN_EMPTY_BODY = YES;
				CLANG_WARN_ENUM_CONVERSION = YES;
				CLANG_WARN_INFINITE_RECURSION = YES;
				CLANG_WARN_INT_CONVERSION = YES;
				CLANG_WARN_NON_LITERAL_NULL_CONVERSION = YES;
				CLANG_WARN_OBJC_LITERAL_CONVERSION = YES;
				CLANG_WARN_OBJC_ROOT_CLASS = YES_ERROR;
				CLANG_WARN_RANGE_LOOP_ANALYSIS = YES;
				CLANG_WARN_STRICT_PROTOTYPES = YES;
				CLANG_WARN_SUSPICIOUS_MOVE = YES;
				CLANG_WARN_UNGUARDED_AVAILABILITY = YES_AGGRESSIVE;
				CLANG_WARN_UNREACHABLE_CODE = YES;
				CLANG_WARN__DUPLICATE_METHOD_MATCH = YES;
				CODE_SIGN_IDENTITY = "iPhone Developer";
				COPY_PHASE_STRIP = NO;
				DEBUG_INFORMATION_FORMAT = "dwarf-with-dsym";
				ENABLE_NS_ASSERTIONS = NO;
				ENABLE_STRICT_OBJC_MSGSEND = YES;
				GCC_C_LANGUAGE_STANDARD = gnu11;
				GCC_NO_COMMON_BLOCKS = YES;
				GCC_WARN_64_TO_32_BIT_CONVERSION = YES;
				GCC_WARN_ABOUT_RETURN_TYPE = YES_ERROR;
				GCC_WARN_UNDECLARED_SELECTOR = YES;
				GCC_WARN_UNINITIALIZED_AUTOS = YES_AGGRESSIVE;
				GCC_WARN_UNUSED_FUNCTION = YES;
				GCC_WARN_UNUSED_VARIABLE = YES;
				IPHONEOS_DEPLOYMENT_TARGET = 11.0;
				MTL_ENABLE_DEBUG_INFO = NO;
				SDKROOT = iphoneos;
				VALIDATE_PRODUCT = YES;
			};
			name = Release;
		};
		493694E71F96E31F00574695 /* Debug */ = {
			isa = XCBuildConfiguration;
			buildSettings = {
				ASSETCATALOG_COMPILER_APPICON_NAME = AppIcon;
				CODE_SIGN_STYLE = Automatic;
				DEVELOPMENT_TEAM = T5E8L2XP69;
				INFOPLIST_FILE = EveryDo/Info.plist;
				LD_RUNPATH_SEARCH_PATHS = "$(inherited) @executable_path/Frameworks";
				PRODUCT_BUNDLE_IDENTIFIER = hearthedge.EveryDo;
				PRODUCT_NAME = "$(TARGET_NAME)";
				TARGETED_DEVICE_FAMILY = "1,2";
			};
			name = Debug;
		};
		493694E81F96E31F00574695 /* Release */ = {
			isa = XCBuildConfiguration;
			buildSettings = {
				ASSETCATALOG_COMPILER_APPICON_NAME = AppIcon;
				CODE_SIGN_STYLE = Automatic;
				DEVELOPMENT_TEAM = T5E8L2XP69;
				INFOPLIST_FILE = EveryDo/Info.plist;
				LD_RUNPATH_SEARCH_PATHS = "$(inherited) @executable_path/Frameworks";
				PRODUCT_BUNDLE_IDENTIFIER = hearthedge.EveryDo;
				PRODUCT_NAME = "$(TARGET_NAME)";
				TARGETED_DEVICE_FAMILY = "1,2";
			};
			name = Release;
		};
/* End XCBuildConfiguration section */

/* Begin XCConfigurationList section */
		493694C81F96E31F00574695 /* Build configuration list for PBXProject "EveryDo" */ = {
			isa = XCConfigurationList;
			buildConfigurations = (
				493694E41F96E31F00574695 /* Debug */,
				493694E51F96E31F00574695 /* Release */,
			);
			defaultConfigurationIsVisible = 0;
			defaultConfigurationName = Release;
		};
		493694E61F96E31F00574695 /* Build configuration list for PBXNativeTarget "EveryDo" */ = {
			isa = XCConfigurationList;
			buildConfigurations = (
				493694E71F96E31F00574695 /* Debug */,
				493694E81F96E31F00574695 /* Release */,
			);
			defaultConfigurationIsVisible = 0;
			defaultConfigurationName = Release;
		};
/* End XCConfigurationList section */
	};
	rootObject = 493694C51F96E31F00574695 /* Project object */;
}
